
Microsoft Visual Studio Solution File, Format Version 12.00
# Visual Studio Version 16
VisualStudioVersion = 16.0.32126.315
MinimumVisualStudioVersion = 10.0.40219.1
Project("{FAE04EC0-301F-11D3-BF4B-00C04F79EFBC}") = "FoodApp", "FoodApp\FoodApp\FoodApp.csproj", "{621C60A6-1C25-42AE-A38E-1DB639E200B1}"
EndProject
Project("{FAE04EC0-301F-11D3-BF4B-00C04F79EFBC}") = "FoodApp.Android", "FoodApp\FoodApp.Android\FoodApp.Android.csproj", "{98AAAC6D-A15E-46EA-8911-108935A61854}"
EndProject
Global
	GlobalSection(SolutionConfigurationPlatforms) = preSolution
		Debug|Any CPU = Debug|Any CPU
		Release|Any CPU = Release|Any CPU
	EndGlobalSection
	GlobalSection(ProjectConfigurationPlatforms) = postSolution
		{621C60A6-1C25-42AE-A38E-1DB639E200B1}.Debug|Any CPU.ActiveCfg = Debug|Any CPU
		{621C60A6-1C25-42AE-A38E-1DB639E200B1}.Debug|Any CPU.Build.0 = Debug|Any CPU
		{621C60A6-1C25-42AE-A38E-1DB639E200B1}.Release|Any CPU.ActiveCfg = Release|Any CPU
		{621C60A6-1C25-42AE-A38E-1DB639E200B1}.Release|Any CPU.Build.0 = Release|Any CPU
		{98AAAC6D-A15E-46EA-8911-108935A61854}.Debug|Any CPU.ActiveCfg = Debug|Any CPU
		{98AAAC6D-A15E-46EA-8911-108935A61854}.Debug|Any CPU.Build.0 = Debug|Any CPU
		{98AAAC6D-A15E-46EA-8911-108935A61854}.Debug|Any CPU.Deploy.0 = Debug|Any CPU
		{98AAAC6D-A15E-46EA-8911-108935A61854}.Release|Any CPU.ActiveCfg = Release|Any CPU
		{98AAAC6D-A15E-46EA-8911-108935A61854}.Release|Any CPU.Build.0 = Release|Any CPU
		{98AAAC6D-A15E-46EA-8911-108935A61854}.Release|Any CPU.Deploy.0 = Release|Any CPU
	EndGlobalSection
	GlobalSection(SolutionProperties) = preSolution
		HideSolutionNode = FALSE
	EndGlobalSection
	GlobalSection(ExtensibilityGlobals) = postSolution
		SolutionGuid = {DD7BB612-4CF1-4723-82A6-012DABB2EEC2}
	EndGlobalSection
EndGlobal
